Microsoft Visual Studio Solution File, Format Version 12.00
# Visual Studio Version 17
VisualStudioVersion = 17.5.2.0
MinimumVisualStudioVersion = 10.0.40219.1
Project("{FAE04EC0-301F-11D3-BF4B-00C04F79EFBC}") = "ProjetMusee", "ProjetMusee.csproj", "{7A98934D-D6AF-24E9-338D-33BC2BA4665D}"
EndProject
Global
	GlobalSection(SolutionConfigurationPlatforms) = preSolution
		Debug|Any CPU = Debug|Any CPU
		Release|Any CPU = Release|Any CPU
	EndGlobalSection
	GlobalSection(ProjectConfigurationPlatforms) = postSolution
		{7A98934D-D6AF-24E9-338D-33BC2BA4665D}.Debug|Any CPU.ActiveCfg = Debug|Any CPU
		{7A98934D-D6AF-24E9-338D-33BC2BA4665D}.Debug|Any CPU.Build.0 = Debug|Any CPU
		{7A98934D-D6AF-24E9-338D-33BC2BA4665D}.Release|Any CPU.ActiveCfg = Release|Any CPU
		{7A98934D-D6AF-24E9-338D-33BC2BA4665D}.Release|Any CPU.Build.0 = Release|Any CPU
	EndGlobalSection
	GlobalSection(SolutionProperties) = preSolution
		HideSolutionNode = FALSE
	EndGlobalSection
	GlobalSection(ExtensibilityGlobals) = postSolution
		SolutionGuid = {D9973FA1-7B53-4E3E-A51B-30D316E25E60}
	EndGlobalSection
EndGlobal
